// !$*UTF8*$!
{
	archiveVersion = 1;
	classes = {
	};
	objectVersion = 50;
	objects = {

/* Begin PBXBuildFile section */
		3307195E256E8FFC008C5D6E /* MoviesApp.swift in Sources */ = {isa = PBXBuildFile; fileRef = 3307195D256E8FFC008C5D6E /* MoviesApp.swift */; };
		33071960256E8FFC008C5D6E /* ContentView.swift in Sources */ = {isa = PBXBuildFile; fileRef = 3307195F256E8FFC008C5D6E /* ContentView.swift */; };
		33071962256E9003008C5D6E /* Assets.xcassets in Resources */ = {isa = PBXBuildFile; fileRef = 33071961256E9003008C5D6E /* Assets.xcassets */; };
		33071965256E9003008C5D6E /* Preview Assets.xcassets in Resources */ = {isa = PBXBuildFile; fileRef = 33071964256E9003008C5D6E /* Preview Assets.xcassets */; };
		3307196E256E9018008C5D6E /* Movie.swift in Sources */ = {isa = PBXBuildFile; fileRef = 3307196D256E9018008C5D6E /* Movie.swift */; };
		33071971256E9023008C5D6E /* Library.swift in Sources */ = {isa = PBXBuildFile; fileRef = 33071970256E9023008C5D6E /* Library.swift */; };
		33071974256E948E008C5D6E /* Clamped.swift in Sources */ = {isa = PBXBuildFile; fileRef = 33071973256E948E008C5D6E /* Clamped.swift */; };
		33071978256EB0B0008C5D6E /* MovieListView.swift in Sources */ = {isa = PBXBuildFile; fileRef = 33071977256EB0B0008C5D6E /* MovieListView.swift */; };
		3307197B256EB0BB008C5D6E /* MoviesDetailsView.swift in Sources */ = {isa = PBXBuildFile; fileRef = 3307197A256EB0BB008C5D6E /* MoviesDetailsView.swift */; };
		330719CB256FA082008C5D6E /* RatingView.swift in Sources */ = {isa = PBXBuildFile; fileRef = 330719CA256FA082008C5D6E /* RatingView.swift */; };
		330719D1256FA8FC008C5D6E /* MovieDetailsViewModel.swift in Sources */ = {isa = PBXBuildFile; fileRef = 330719D0256FA8FC008C5D6E /* MovieDetailsViewModel.swift */; };
		330719D5256FAC50008C5D6E /* Downloader.swift in Sources */ = {isa = PBXBuildFile; fileRef = 330719D4256FAC50008C5D6E /* Downloader.swift */; };
/* End PBXBuildFile section */

/* Begin PBXFileReference section */
		3307195A256E8FFC008C5D6E /* Movies.app */ = {isa = PBXFileReference; explicitFileType = wrapper.application; includeInIndex = 0; path = Movies.app; sourceTree = BUILT_PRODUCTS_DIR; };
		3307195D256E8FFC008C5D6E /* MoviesApp.swift */ = {isa = PBXFileReference; lastKnownFileType = sourcecode.swift; path = MoviesApp.swift; sourceTree = "<group>"; };
		3307195F256E8FFC008C5D6E /* ContentView.swift */ = {isa = PBXFileReference; lastKnownFileType = sourcecode.swift; path = ContentView.swift; sourceTree = "<group>"; };
		33071961256E9003008C5D6E /* Assets.xcassets */ = {isa = PBXFileReference; lastKnownFileType = folder.assetcatalog; path = Assets.xcassets; sourceTree = "<group>"; };
		33071964256E9003008C5D6E /* Preview Assets.xcassets */ = {isa = PBXFileReference; lastKnownFileType = folder.assetcatalog; path = "Preview Assets.xcassets"; sourceTree = "<group>"; };
		33071966256E9003008C5D6E /* Info.plist */ = {isa = PBXFileReference; lastKnownFileType = text.plist.xml; path = Info.plist; sourceTree = "<group>"; };
		3307196D256E9018008C5D6E /* Movie.swift */ = {isa = PBXFileReference; lastKnownFileType = sourcecode.swift; path = Movie.swift; sourceTree = "<group>"; };
		33071970256E9023008C5D6E /* Library.swift */ = {isa = PBXFileReference; lastKnownFileType = sourcecode.swift; path = Library.swift; sourceTree = "<group>"; };
		33071973256E948E008C5D6E /* Clamped.swift */ = {isa = PBXFileReference; lastKnownFileType = sourcecode.swift; path = Clamped.swift; sourceTree = "<group>"; };
		33071977256EB0B0008C5D6E /* MovieListView.swift */ = {isa = PBXFileReference; lastKnownFileType = sourcecode.swift; path = MovieListView.swift; sourceTree = "<group>"; };
		3307197A256EB0BB008C5D6E /* MoviesDetailsView.swift */ = {isa = PBXFileReference; lastKnownFileType = sourcecode.swift; path = MoviesDetailsView.swift; sourceTree = "<group>"; };
		330719CA256FA082008C5D6E /* RatingView.swift */ = {isa = PBXFileReference; lastKnownFileType = sourcecode.swift; path = RatingView.swift; sourceTree = "<group>"; };
		330719D0256FA8FC008C5D6E /* MovieDetailsViewModel.swift */ = {isa = PBXFileReference; lastKnownFileType = sourcecode.swift; path = MovieDetailsViewModel.swift; sourceTree = "<group>"; };
		330719D4256FAC50008C5D6E /* Downloader.swift */ = {isa = PBXFileReference; lastKnownFileType = sourcecode.swift; path = Downloader.swift; sourceTree = "<group>"; };
/* End PBXFileReference section */

/* Begin PBXFrameworksBuildPhase section */
		33071957256E8FFC008C5D6E /* Frameworks */ = {
			isa = PBXFrameworksBuildPhase;
			buildActionMask = 2147483647;
			files = (
			);
			runOnlyForDeploymentPostprocessing = 0;
		};
/* End PBXFrameworksBuildPhase section */

/* Begin PBXGroup section */
		33071951256E8FFC008C5D6E = {
			isa = PBXGroup;
			children = (
				3307195C256E8FFC008C5D6E /* Movies */,
				3307195B256E8FFC008C5D6E /* Products */,
			);
			sourceTree = "<group>";
		};
		3307195B256E8FFC008C5D6E /* Products */ = {
			isa = PBXGroup;
			children = (
				3307195A256E8FFC008C5D6E /* Movies.app */,
			);
			name = Products;
			sourceTree = "<group>";
		};
		3307195C256E8FFC008C5D6E /* Movies */ = {
			isa = PBXGroup;
			children = (
				3307195D256E8FFC008C5D6E /* MoviesApp.swift */,
				3307197D256EBE17008C5D6E /* Views */,
				33071980256EBE23008C5D6E /* Models */,
				33071961256E9003008C5D6E /* Assets.xcassets */,
				33071966256E9003008C5D6E /* Info.plist */,
				33071963256E9003008C5D6E /* Preview Content */,
			);
			path = Movies;
			sourceTree = "<group>";
		};
		33071963256E9003008C5D6E /* Preview Content */ = {
			isa = PBXGroup;
			children = (
				33071964256E9003008C5D6E /* Preview Assets.xcassets */,
			);
			path = "Preview Content";
			sourceTree = "<group>";
		};
		3307197D256EBE17008C5D6E /* Views */ = {
			isa = PBXGroup;
			children = (
				3307195F256E8FFC008C5D6E /* ContentView.swift */,
				33071977256EB0B0008C5D6E /* MovieListView.swift */,
				3307197A256EB0BB008C5D6E /* MoviesDetailsView.swift */,
				330719CA256FA082008C5D6E /* RatingView.swift */,
			);
			path = Views;
			sourceTree = "<group>";
		};
		33071980256EBE23008C5D6E /* Models */ = {
			isa = PBXGroup;
			children = (
				330719D0256FA8FC008C5D6E /* MovieDetailsViewModel.swift */,
				3307196D256E9018008C5D6E /* Movie.swift */,
				33071970256E9023008C5D6E /* Library.swift */,
				33071973256E948E008C5D6E /* Clamped.swift */,
				330719D4256FAC50008C5D6E /* Downloader.swift */,
			);
			path = Models;
			sourceTree = "<group>";
		};
/* End PBXGroup section */

/* Begin PBXNativeTarget section */
		33071959256E8FFC008C5D6E /* Movies */ = {
			isa = PBXNativeTarget;
			buildConfigurationList = 33071969256E9003008C5D6E /* Build configuration list for PBXNativeTarget "Movies" */;
			buildPhases = (
				33071956256E8FFC008C5D6E /* Sources */,
				33071957256E8FFC008C5D6E /* Frameworks */,
				33071958256E8FFC008C5D6E /* Resources */,
			);
			buildRules = (
			);
			dependencies = (
			);
			name = Movies;
			productName = Movies;
			productReference = 3307195A256E8FFC008C5D6E /* Movies.app */;
			productType = "com.apple.product-type.application";
		};
/* End PBXNativeTarget section */

/* Begin PBXProject section */
		33071952256E8FFC008C5D6E /* Project object */ = {
			isa = PBXProject;
			attributes = {
				LastSwiftUpdateCheck = 1220;
				LastUpgradeCheck = 1220;
				TargetAttributes = {
					33071959256E8FFC008C5D6E = {
						CreatedOnToolsVersion = 12.2;
					};
				};
			};
			buildConfigurationList = 33071955256E8FFC008C5D6E /* Build configuration list for PBXProject "Movies" */;
			compatibilityVersion = "Xcode 9.3";
			developmentRegion = en;
			hasScannedForEncodings = 0;
			knownRegions = (
				en,
				Base,
			);
			mainGroup = 33071951256E8FFC008C5D6E;
			productRefGroup = 3307195B256E8FFC008C5D6E /* Products */;
			projectDirPath = "";
			projectRoot = "";
			targets = (
				33071959256E8FFC008C5D6E /* Movies */,
			);
		};
/* End PBXProject section */

/* Begin PBXResourcesBuildPhase section */
		33071958256E8FFC008C5D6E /* Resources */ = {
			isa = PBXResourcesBuildPhase;
			buildActionMask = 2147483647;
			files = (
				33071965256E9003008C5D6E /* Preview Assets.xcassets in Resources */,
				33071962256E9003008C5D6E /* Assets.xcassets in Resources */,
			);
			runOnlyForDeploymentPostprocessing = 0;
		};
/* End PBXResourcesBuildPhase section */

/* Begin PBXSourcesBuildPhase section */
		33071956256E8FFC008C5D6E /* Sources */ = {
			isa = PBXSourcesBuildPhase;
			buildActionMask = 2147483647;
			files = (
				330719D5256FAC50008C5D6E /* Downloader.swift in Sources */,
				33071960256E8FFC008C5D6E /* ContentView.swift in Sources */,
				33071974256E948E008C5D6E /* Clamped.swift in Sources */,
				33071971256E9023008C5D6E /* Library.swift in Sources */,
				330719CB256FA082008C5D6E /* RatingView.swift in Sources */,
				3307195E256E8FFC008C5D6E /* MoviesApp.swift in Sources */,
				3307196E256E9018008C5D6E /* Movie.swift in Sources */,
				3307197B256EB0BB008C5D6E /* MoviesDetailsView.swift in Sources */,
				33071978256EB0B0008C5D6E /* MovieListView.swift in Sources */,
				330719D1256FA8FC008C5D6E /* MovieDetailsViewModel.swift in Sources */,
			);
			runOnlyForDeploymentPostprocessing = 0;
		};
/* End PBXSourcesBuildPhase section */

/* Begin XCBuildConfiguration section */
		33071967256E9003008C5D6E /* Debug */ = {
			isa = XCBuildConfiguration;
			buildSettings = {
				ALWAYS_SEARCH_USER_PATHS = NO;
				CLANG_ANALYZER_NONNULL = YES;
				CLANG_ANALYZER_NUMBER_OBJECT_CONVERSION = YES_AGGRESSIVE;
				CLANG_CXX_LANGUAGE_STANDARD = "gnu++14";
				CLANG_CXX_LIBRARY = "libc++";
				CLANG_ENABLE_MODULES = YES;
				CLANG_ENABLE_OBJC_ARC = YES;
				CLANG_ENABLE_OBJC_WEAK = YES;
				CLANG_WARN_BLOCK_CAPTURE_AUTORELEASING = YES;
				CLANG_WARN_BOOL_CONVERSION = YES;
				CLANG_WARN_COMMA = YES;
				CLANG_WARN_CONSTANT_CONVERSION = YES;
				CLANG_WARN_DEPRECATED_OBJC_IMPLEMENTATIONS = YES;
				CLANG_WARN_DIRECT_OBJC_ISA_USAGE = YES_ERROR;
				CLANG_WARN_DOCUMENTATION_COMMENTS = YES;
				CLANG_WARN_EMPTY_BODY = YES;
				CLANG_WARN_ENUM_CONVERSION = YES;
				CLANG_WARN_INFINITE_RECURSION = YES;
				CLANG_WARN_INT_CONVERSION = YES;
				CLANG_WARN_NON_LITERAL_NULL_CONVERSION = YES;
				CLANG_WARN_OBJC_IMPLICIT_RETAIN_SELF = YES;
				CLANG_WARN_OBJC_LITERAL_CONVERSION = YES;
				CLANG_WARN_OBJC_ROOT_CLASS = YES_ERROR;
				CLANG_WARN_QUOTED_INCLUDE_IN_FRAMEWORK_HEADER = YES;
				CLANG_WARN_RANGE_LOOP_ANALYSIS = YES;
				CLANG_WARN_STRICT_PROTOTYPES = YES;
				CLANG_WARN_SUSPICIOUS_MOVE = YES;
				CLANG_WARN_UNGUARDED_AVAILABILITY = YES_AGGRESSIVE;
				CLANG_WARN_UNREACHABLE_CODE = YES;
				CLANG_WARN__DUPLICATE_METHOD_MATCH = YES;
				COPY_PHASE_STRIP = NO;
				DEBUG_INFORMATION_FORMAT = dwarf;
				ENABLE_STRICT_OBJC_MSGSEND = YES;
				ENABLE_TESTABILITY = YES;
				GCC_C_LANGUAGE_STANDARD = gnu11;
				GCC_DYNAMIC_NO_PIC = NO;
				GCC_NO_COMMON_BLOCKS = YES;
				GCC_OPTIMIZATION_LEVEL = 0;
				GCC_PREPROCESSOR_DEFINITIONS = (
					"DEBUG=1",
					"$(inherited)",
				);
				GCC_WARN_64_TO_32_BIT_CONVERSION = YES;
				GCC_WARN_ABOUT_RETURN_TYPE = YES_ERROR;
				GCC_WARN_UNDECLARED_SELECTOR = YES;
				GCC_WARN_UNINITIALIZED_AUTOS = YES_AGGRESSIVE;
				GCC_WARN_UNUSED_FUNCTION = YES;
				GCC_WARN_UNUSED_VARIABLE = YES;
				IPHONEOS_DEPLOYMENT_TARGET = 14.2;
				MTL_ENABLE_DEBUG_INFO = INCLUDE_SOURCE;
				MTL_FAST_MATH = YES;
				ONLY_ACTIVE_ARCH = YES;
				SDKROOT = iphoneos;
				SWIFT_ACTIVE_COMPILATION_CONDITIONS = DEBUG;
				SWIFT_OPTIMIZATION_LEVEL = "-Onone";
			};
			name = Debug;
		};
		33071968256E9003008C5D6E /* Release */ = {
			isa = XCBuildConfiguration;
			buildSettings = {
				ALWAYS_SEARCH_USER_PATHS = NO;
				CLANG_ANALYZER_NONNULL = YES;
				CLANG_ANALYZER_NUMBER_OBJECT_CONVERSION = YES_AGGRESSIVE;
				CLANG_CXX_LANGUAGE_STANDARD = "gnu++14";
				CLANG_CXX_LIBRARY = "libc++";
				CLANG_ENABLE_MODULES = YES;
				CLANG_ENABLE_OBJC_ARC = YES;
				CLANG_ENABLE_OBJC_WEAK = YES;
				CLANG_WARN_BLOCK_CAPTURE_AUTORELEASING = YES;
				CLANG_WARN_BOOL_CONVERSION = YES;
				CLANG_WARN_COMMA = YES;
				CLANG_WARN_CONSTANT_CONVERSION = YES;
				CLANG_WARN_DEPRECATED_OBJC_IMPLEMENTATIONS = YES;
				CLANG_WARN_DIRECT_OBJC_ISA_USAGE = YES_ERROR;
				CLANG_WARN_DOCUMENTATION_COMMENTS = YES;
				CLANG_WARN_EMPTY_BODY = YES;
				CLANG_WARN_ENUM_CONVERSION = YES;
				CLANG_WARN_INFINITE_RECURSION = YES;
				CLANG_WARN_INT_CONVERSION = YES;
				CLANG_WARN_NON_LITERAL_NULL_CONVERSION = YES;
				CLANG_WARN_OBJC_IMPLICIT_RETAIN_SELF = YES;
				CLANG_WARN_OBJC_LITERAL_CONVERSION = YES;
				CLANG_WARN_OBJC_ROOT_CLASS = YES_ERROR;
				CLANG_WARN_QUOTED_INCLUDE_IN_FRAMEWORK_HEADER = YES;
				CLANG_WARN_RANGE_LOOP_ANALYSIS = YES;
				CLANG_WARN_STRICT_PROTOTYPES = YES;
				CLANG_WARN_SUSPICIOUS_MOVE = YES;
				CLANG_WARN_UNGUARDED_AVAILABILITY = YES_AGGRESSIVE;
				CLANG_WARN_UNREACHABLE_CODE = YES;
				CLANG_WARN__DUPLICATE_METHOD_MATCH = YES;
				COPY_PHASE_STRIP = NO;
				DEBUG_INFORMATION_FORMAT = "dwarf-with-dsym";
				ENABLE_NS_ASSERTIONS = NO;
				ENABLE_STRICT_OBJC_MSGSEND = YES;
				GCC_C_LANGUAGE_STANDARD = gnu11;
				GCC_NO_COMMON_BLOCKS = YES;
				GCC_WARN_64_TO_32_BIT_CONVERSION = YES;
				GCC_WARN_ABOUT_RETURN_TYPE = YES_ERROR;
				GCC_WARN_UNDECLARED_SELECTOR = YES;
				GCC_WARN_UNINITIALIZED_AUTOS = YES_AGGRESSIVE;
				GCC_WARN_UNUSED_FUNCTION = YES;
				GCC_WARN_UNUSED_VARIABLE = YES;
				IPHONEOS_DEPLOYMENT_TARGET = 14.2;
				MTL_ENABLE_DEBUG_INFO = NO;
				MTL_FAST_MATH = YES;
				SDKROOT = iphoneos;
				SWIFT_COMPILATION_MODE = wholemodule;
				SWIFT_OPTIMIZATION_LEVEL = "-O";
				VALIDATE_PRODUCT = YES;
			};
			name = Release;
		};
		3307196A256E9003008C5D6E /* Debug */ = {
			isa = XCBuildConfiguration;
			buildSettings = {
				ASSETCATALOG_COMPILER_APPICON_NAME = AppIcon;
				ASSETCATALOG_COMPILER_GLOBAL_ACCENT_COLOR_NAME = AccentColor;
				CODE_SIGN_STYLE = Automatic;
				DEVELOPMENT_ASSET_PATHS = "\"Movies/Preview Content\"";
				DEVELOPMENT_TEAM = A7SGM6JEMA;
				ENABLE_PREVIEWS = YES;
				INFOPLIST_FILE = Movies/Info.plist;
				IPHONEOS_DEPLOYMENT_TARGET = 14.0;
				LD_RUNPATH_SEARCH_PATHS = (
					"$(inherited)",
					"@executable_path/Frameworks",
				);
				PRODUCT_BUNDLE_IDENTIFIER = com.iform.Movies;
				PRODUCT_NAME = "$(TARGET_NAME)";
				SWIFT_VERSION = 5.0;
				TARGETED_DEVICE_FAMILY = "1,2";
			};
			name = Debug;
		};
		3307196B256E9003008C5D6E /* Release */ = {
			isa = XCBuildConfiguration;
			buildSettings = {
				ASSETCATALOG_COMPILER_APPICON_NAME = AppIcon;
				ASSETCATALOG_COMPILER_GLOBAL_ACCENT_COLOR_NAME = AccentColor;
				CODE_SIGN_STYLE = Automatic;
				DEVELOPMENT_ASSET_PATHS = "\"Movies/Preview Content\"";
				DEVELOPMENT_TEAM = A7SGM6JEMA;
				ENABLE_PREVIEWS = YES;
				INFOPLIST_FILE = Movies/Info.plist;
				IPHONEOS_DEPLOYMENT_TARGET = 14.0;
				LD_RUNPATH_SEARCH_PATHS = (
					"$(inherited)",
					"@executable_path/Frameworks",
				);
				PRODUCT_BUNDLE_IDENTIFIER = com.iform.Movies;
				PRODUCT_NAME = "$(TARGET_NAME)";
				SWIFT_VERSION = 5.0;
				TARGETED_DEVICE_FAMILY = "1,2";
			};
			name = Release;
		};
/* End XCBuildConfiguration section */

/* Begin XCConfigurationList section */
		33071955256E8FFC008C5D6E /* Build configuration list for PBXProject "Movies" */ = {
			isa = XCConfigurationList;
			buildConfigurations = (
				33071967256E9003008C5D6E /* Debug */,
				33071968256E9003008C5D6E /* Release */,
			);
			defaultConfigurationIsVisible = 0;
			defaultConfigurationName = Release;
		};
		33071969256E9003008C5D6E /* Build configuration list for PBXNativeTarget "Movies" */ = {
			isa = XCConfigurationList;
			buildConfigurations = (
				3307196A256E9003008C5D6E /* Debug */,
				3307196B256E9003008C5D6E /* Release */,
			);
			defaultConfigurationIsVisible = 0;
			defaultConfigurationName = Release;
		};
/* End XCConfigurationList section */
	};
	rootObject = 33071952256E8FFC008C5D6E /* Project object */;
}
